
Microsoft Visual Studio Solution File, Format Version 12.00
# Visual Studio Version 16
VisualStudioVersion = 16.0.31205.134
MinimumVisualStudioVersion = 10.0.40219.1
Project("{FAE04EC0-301F-11D3-BF4B-00C04F79EFBC}") = "AutoMeeter", "AutoMeeter\AutoMeeter.csproj", "{C0B0D925-C8D5-4532-9E44-8B48D1FEB4EA}"
EndProject
Global
	GlobalSection(SolutionConfigurationPlatforms) = preSolution
		Debug|Any CPU = Debug|Any CPU
		Release|Any CPU = Release|Any CPU
	EndGlobalSection
	GlobalSection(ProjectConfigurationPlatforms) = postSolution
		{C0B0D925-C8D5-4532-9E44-8B48D1FEB4EA}.Debug|Any CPU.ActiveCfg = Debug|Any CPU
		{C0B0D925-C8D5-4532-9E44-8B48D1FEB4EA}.Debug|Any CPU.Build.0 = Debug|Any CPU
		{C0B0D925-C8D5-4532-9E44-8B48D1FEB4EA}.Release|Any CPU.ActiveCfg = Release|Any CPU
		{C0B0D925-C8D5-4532-9E44-8B48D1FEB4EA}.Release|Any CPU.Build.0 = Release|Any CPU
	EndGlobalSection
	GlobalSection(SolutionProperties) = preSolution
		HideSolutionNode = FALSE
	EndGlobalSection
	GlobalSection(ExtensibilityGlobals) = postSolution
		SolutionGuid = {78AE888D-CF41-44E5-895E-D7F0A0E1E18D}
	EndGlobalSection
EndGlobal
